
Microsoft Visual Studio Solution File, Format Version 12.00
# Visual Studio 15
VisualStudioVersion = 15.0.26430.16
MinimumVisualStudioVersion = 10.0.40219.1
Project("{FAE04EC0-301F-11D3-BF4B-00C04F79EFBC}") = "REST_API", "REST_API\REST_API.csproj", "{EBCFF31F-A75B-4D0E-BEF4-BDE1AD5A8492}"
EndProject
Project("{FAE04EC0-301F-11D3-BF4B-00C04F79EFBC}") = "REST_API.Tests", "REST_API.Tests\REST_API.Tests.csproj", "{DDEA1625-C6D4-4A45-83C1-C0D0F6D71A98}"
EndProject
Global
	GlobalSection(SolutionConfigurationPlatforms) = preSolution
		Debug|Any CPU = Debug|Any CPU
		Release|Any CPU = Release|Any CPU
	EndGlobalSection
	GlobalSection(ProjectConfigurationPlatforms) = postSolution
		{EBCFF31F-A75B-4D0E-BEF4-BDE1AD5A8492}.Debug|Any CPU.ActiveCfg = Debug|Any CPU
		{EBCFF31F-A75B-4D0E-BEF4-BDE1AD5A8492}.Debug|Any CPU.Build.0 = Debug|Any CPU
		{EBCFF31F-A75B-4D0E-BEF4-BDE1AD5A8492}.Release|Any CPU.ActiveCfg = Release|Any CPU
		{EBCFF31F-A75B-4D0E-BEF4-BDE1AD5A8492}.Release|Any CPU.Build.0 = Release|Any CPU
		{DDEA1625-C6D4-4A45-83C1-C0D0F6D71A98}.Debug|Any CPU.ActiveCfg = Debug|Any CPU
		{DDEA1625-C6D4-4A45-83C1-C0D0F6D71A98}.Debug|Any CPU.Build.0 = Debug|Any CPU
		{DDEA1625-C6D4-4A45-83C1-C0D0F6D71A98}.Release|Any CPU.ActiveCfg = Release|Any CPU
		{DDEA1625-C6D4-4A45-83C1-C0D0F6D71A98}.Release|Any CPU.Build.0 = Release|Any CPU
	EndGlobalSection
	GlobalSection(SolutionProperties) = preSolution
		HideSolutionNode = FALSE
	EndGlobalSection
EndGlobal
